
Microsoft Visual Studio Solution File, Format Version 12.00
# Visual Studio 2012
Project("{FAE04EC0-301F-11D3-BF4B-00C04F79EFBC}") = "Internet_Apteka", "Internet_Apteka\Internet_Apteka.csproj", "{270074EE-041F-4E8B-8728-E11A5DA58D8B}"
EndProject
Global
	GlobalSection(SolutionConfigurationPlatforms) = preSolution
		Debug|Any CPU = Debug|Any CPU
		Release|Any CPU = Release|Any CPU
	EndGlobalSection
	GlobalSection(ProjectConfigurationPlatforms) = postSolution
		{270074EE-041F-4E8B-8728-E11A5DA58D8B}.Debug|Any CPU.ActiveCfg = Debug|Any CPU
		{270074EE-041F-4E8B-8728-E11A5DA58D8B}.Debug|Any CPU.Build.0 = Debug|Any CPU
		{270074EE-041F-4E8B-8728-E11A5DA58D8B}.Release|Any CPU.ActiveCfg = Release|Any CPU
		{270074EE-041F-4E8B-8728-E11A5DA58D8B}.Release|Any CPU.Build.0 = Release|Any CPU
	EndGlobalSection
	GlobalSection(SolutionProperties) = preSolution
		HideSolutionNode = FALSE
	EndGlobalSection
EndGlobal
